
Microsoft Visual Studio Solution File, Format Version 12.00
# Visual Studio 15
VisualStudioVersion = 15.0.26124.0
MinimumVisualStudioVersion = 15.0.26124.0
Project("{FAE04EC0-301F-11D3-BF4B-00C04F79EFBC}") = "DXGame.Common", "src\DXGame.Common\DXGame.Common.csproj", "{D0DF8919-AEA4-491E-ABB1-AA56A10D8286}"
EndProject
Project("{FAE04EC0-301F-11D3-BF4B-00C04F79EFBC}") = "DXGame.Messages", "src\DXGame.Messages\DXGame.Messages.csproj", "{5DE5F908-EC0B-427D-B27E-09F542A2ADF6}"
EndProject
Project("{FAE04EC0-301F-11D3-BF4B-00C04F79EFBC}") = "DXGame.Services.Card", "src\DXGame.Services.Card\DXGame.Services.Card.csproj", "{04324B5E-F158-4F1F-B4C4-52F3AA7618AA}"
EndProject
Project("{FAE04EC0-301F-11D3-BF4B-00C04F79EFBC}") = "DXGame.Services.CardHanding", "src\DXGame.Services.CardHanding\DXGame.Services.CardHanding.csproj", "{A197B195-AC30-4423-8DD6-BF78103D4426}"
EndProject
Project("{FAE04EC0-301F-11D3-BF4B-00C04F79EFBC}") = "DXGame.Services.Game", "src\DXGame.Services.Game\DXGame.Services.Game.csproj", "{5B0B5E2B-17B7-4B80-B23B-B8622E81A3B0}"
EndProject
Project("{FAE04EC0-301F-11D3-BF4B-00C04F79EFBC}") = "DXGame.Services.Player", "src\DXGame.Services.Player\DXGame.Services.Player.csproj", "{B5ADA604-496F-4BCA-B615-4366B61A7B91}"
EndProject
Project("{FAE04EC0-301F-11D3-BF4B-00C04F79EFBC}") = "DXGame.Services.Playroom", "src\DXGame.Services.Playroom\DXGame.Services.Playroom.csproj", "{4C9AF41D-8F1D-43D7-A13B-C107CA87DEE7}"
EndProject
Project("{FAE04EC0-301F-11D3-BF4B-00C04F79EFBC}") = "DXGame.Services.Round", "src\DXGame.Services.Round\DXGame.Services.Round.csproj", "{ABF1A632-D0EB-423B-9F7F-29CC8495CC25}"
EndProject
Project("{FAE04EC0-301F-11D3-BF4B-00C04F79EFBC}") = "DXGame.Services.Score", "src\DXGame.Services.Score\DXGame.Services.Score.csproj", "{926E7C9C-926F-49AB-9251-67719A4AF82C}"
EndProject
Project("{FAE04EC0-301F-11D3-BF4B-00C04F79EFBC}") = "DXGame.Services.Vote", "src\DXGame.Services.Vote\DXGame.Services.Vote.csproj", "{370E157B-0064-466E-920C-C24F9E37AFE7}"
EndProject
Project("{2150E333-8FDC-42A3-9474-1A3956D46DE8}") = "tests", "tests", "{B0990322-7260-432E-9183-E52EA27E2280}"
EndProject
Project("{FAE04EC0-301F-11D3-BF4B-00C04F79EFBC}") = "DXGame.Services.Playroom.Tests", "tests\DXGame.Services.Playroom.Tests\DXGame.Services.Playroom.Tests.csproj", "{88B899CC-D6A6-4D00-86D7-A6F637ACDC5A}"
EndProject
Project("{2150E333-8FDC-42A3-9474-1A3956D46DE8}") = "src", "src", "{B5BD2FCF-BBB5-4E76-8628-405D8FBED5C7}"
EndProject
Project("{FAE04EC0-301F-11D3-BF4B-00C04F79EFBC}") = "DXGame.Api", "src\DXGame.Api\DXGame.Api.csproj", "{2893AAFD-4B8E-4DE5-8E5B-E25CD24712CB}"
EndProject
Global
	GlobalSection(SolutionConfigurationPlatforms) = preSolution
		Debug|Any CPU = Debug|Any CPU
		Debug|x64 = Debug|x64
		Debug|x86 = Debug|x86
		Release|Any CPU = Release|Any CPU
		Release|x64 = Release|x64
		Release|x86 = Release|x86
	EndGlobalSection
	GlobalSection(SolutionProperties) = preSolution
		HideSolutionNode = FALSE
	EndGlobalSection
	GlobalSection(ProjectConfigurationPlatforms) = postSolution
		{D0DF8919-AEA4-491E-ABB1-AA56A10D8286}.Debug|Any CPU.ActiveCfg = Debug|Any CPU
		{D0DF8919-AEA4-491E-ABB1-AA56A10D8286}.Debug|Any CPU.Build.0 = Debug|Any CPU
		{D0DF8919-AEA4-491E-ABB1-AA56A10D8286}.Debug|x64.ActiveCfg = Debug|x64
		{D0DF8919-AEA4-491E-ABB1-AA56A10D8286}.Debug|x64.Build.0 = Debug|x64
		{D0DF8919-AEA4-491E-ABB1-AA56A10D8286}.Debug|x86.ActiveCfg = Debug|x86
		{D0DF8919-AEA4-491E-ABB1-AA56A10D8286}.Debug|x86.Build.0 = Debug|x86
		{D0DF8919-AEA4-491E-ABB1-AA56A10D8286}.Release|Any CPU.ActiveCfg = Release|Any CPU
		{D0DF8919-AEA4-491E-ABB1-AA56A10D8286}.Release|Any CPU.Build.0 = Release|Any CPU
		{D0DF8919-AEA4-491E-ABB1-AA56A10D8286}.Release|x64.ActiveCfg = Release|x64
		{D0DF8919-AEA4-491E-ABB1-AA56A10D8286}.Release|x64.Build.0 = Release|x64
		{D0DF8919-AEA4-491E-ABB1-AA56A10D8286}.Release|x86.ActiveCfg = Release|x86
		{D0DF8919-AEA4-491E-ABB1-AA56A10D8286}.Release|x86.Build.0 = Release|x86
		{5DE5F908-EC0B-427D-B27E-09F542A2ADF6}.Debug|Any CPU.ActiveCfg = Debug|Any CPU
		{5DE5F908-EC0B-427D-B27E-09F542A2ADF6}.Debug|Any CPU.Build.0 = Debug|Any CPU
		{5DE5F908-EC0B-427D-B27E-09F542A2ADF6}.Debug|x64.ActiveCfg = Debug|x64
		{5DE5F908-EC0B-427D-B27E-09F542A2ADF6}.Debug|x64.Build.0 = Debug|x64
		{5DE5F908-EC0B-427D-B27E-09F542A2ADF6}.Debug|x86.ActiveCfg = Debug|x86
		{5DE5F908-EC0B-427D-B27E-09F542A2ADF6}.Debug|x86.Build.0 = Debug|x86
		{5DE5F908-EC0B-427D-B27E-09F542A2ADF6}.Release|Any CPU.ActiveCfg = Release|Any CPU
		{5DE5F908-EC0B-427D-B27E-09F542A2ADF6}.Release|Any CPU.Build.0 = Release|Any CPU
		{5DE5F908-EC0B-427D-B27E-09F542A2ADF6}.Release|x64.ActiveCfg = Release|x64
		{5DE5F908-EC0B-427D-B27E-09F542A2ADF6}.Release|x64.Build.0 = Release|x64
		{5DE5F908-EC0B-427D-B27E-09F542A2ADF6}.Release|x86.ActiveCfg = Release|x86
		{5DE5F908-EC0B-427D-B27E-09F542A2ADF6}.Release|x86.Build.0 = Release|x86
		{04324B5E-F158-4F1F-B4C4-52F3AA7618AA}.Debug|Any CPU.ActiveCfg = Debug|Any CPU
		{04324B5E-F158-4F1F-B4C4-52F3AA7618AA}.Debug|Any CPU.Build.0 = Debug|Any CPU
		{04324B5E-F158-4F1F-B4C4-52F3AA7618AA}.Debug|x64.ActiveCfg = Debug|x64
		{04324B5E-F158-4F1F-B4C4-52F3AA7618AA}.Debug|x64.Build.0 = Debug|x64
		{04324B5E-F158-4F1F-B4C4-52F3AA7618AA}.Debug|x86.ActiveCfg = Debug|x86
		{04324B5E-F158-4F1F-B4C4-52F3AA7618AA}.Debug|x86.Build.0 = Debug|x86
		{04324B5E-F158-4F1F-B4C4-52F3AA7618AA}.Release|Any CPU.ActiveCfg = Release|Any CPU
		{04324B5E-F158-4F1F-B4C4-52F3AA7618AA}.Release|Any CPU.Build.0 = Release|Any CPU
		{04324B5E-F158-4F1F-B4C4-52F3AA7618AA}.Release|x64.ActiveCfg = Release|x64
		{04324B5E-F158-4F1F-B4C4-52F3AA7618AA}.Release|x64.Build.0 = Release|x64
		{04324B5E-F158-4F1F-B4C4-52F3AA7618AA}.Release|x86.ActiveCfg = Release|x86
		{04324B5E-F158-4F1F-B4C4-52F3AA7618AA}.Release|x86.Build.0 = Release|x86
		{A197B195-AC30-4423-8DD6-BF78103D4426}.Debug|Any CPU.ActiveCfg = Debug|Any CPU
		{A197B195-AC30-4423-8DD6-BF78103D4426}.Debug|Any CPU.Build.0 = Debug|Any CPU
		{A197B195-AC30-4423-8DD6-BF78103D4426}.Debug|x64.ActiveCfg = Debug|x64
		{A197B195-AC30-4423-8DD6-BF78103D4426}.Debug|x64.Build.0 = Debug|x64
		{A197B195-AC30-4423-8DD6-BF78103D4426}.Debug|x86.ActiveCfg = Debug|x86
		{A197B195-AC30-4423-8DD6-BF78103D4426}.Debug|x86.Build.0 = Debug|x86
		{A197B195-AC30-4423-8DD6-BF78103D4426}.Release|Any CPU.ActiveCfg = Release|Any CPU
		{A197B195-AC30-4423-8DD6-BF78103D4426}.Release|Any CPU.Build.0 = Release|Any CPU
		{A197B195-AC30-4423-8DD6-BF78103D4426}.Release|x64.ActiveCfg = Release|x64
		{A197B195-AC30-4423-8DD6-BF78103D4426}.Release|x64.Build.0 = Release|x64
		{A197B195-AC30-4423-8DD6-BF78103D4426}.Release|x86.ActiveCfg = Release|x86
		{A197B195-AC30-4423-8DD6-BF78103D4426}.Release|x86.Build.0 = Release|x86
		{5B0B5E2B-17B7-4B80-B23B-B8622E81A3B0}.Debug|Any CPU.ActiveCfg = Debug|Any CPU
		{5B0B5E2B-17B7-4B80-B23B-B8622E81A3B0}.Debug|Any CPU.Build.0 = Debug|Any CPU
		{5B0B5E2B-17B7-4B80-B23B-B8622E81A3B0}.Debug|x64.ActiveCfg = Debug|x64
		{5B0B5E2B-17B7-4B80-B23B-B8622E81A3B0}.Debug|x64.Build.0 = Debug|x64
		{5B0B5E2B-17B7-4B80-B23B-B8622E81A3B0}.Debug|x86.ActiveCfg = Debug|x86
		{5B0B5E2B-17B7-4B80-B23B-B8622E81A3B0}.Debug|x86.Build.0 = Debug|x86
		{5B0B5E2B-17B7-4B80-B23B-B8622E81A3B0}.Release|Any CPU.ActiveCfg = Release|Any CPU
		{5B0B5E2B-17B7-4B80-B23B-B8622E81A3B0}.Release|Any CPU.Build.0 = Release|Any CPU
		{5B0B5E2B-17B7-4B80-B23B-B8622E81A3B0}.Release|x64.ActiveCfg = Release|x64
		{5B0B5E2B-17B7-4B80-B23B-B8622E81A3B0}.Release|x64.Build.0 = Release|x64
		{5B0B5E2B-17B7-4B80-B23B-B8622E81A3B0}.Release|x86.ActiveCfg = Release|x86
		{5B0B5E2B-17B7-4B80-B23B-B8622E81A3B0}.Release|x86.Build.0 = Release|x86
		{B5ADA604-496F-4BCA-B615-4366B61A7B91}.Debug|Any CPU.ActiveCfg = Debug|Any CPU
		{B5ADA604-496F-4BCA-B615-4366B61A7B91}.Debug|Any CPU.Build.0 = Debug|Any CPU
		{B5ADA604-496F-4BCA-B615-4366B61A7B91}.Debug|x64.ActiveCfg = Debug|x64
		{B5ADA604-496F-4BCA-B615-4366B61A7B91}.Debug|x64.Build.0 = Debug|x64
		{B5ADA604-496F-4BCA-B615-4366B61A7B91}.Debug|x86.ActiveCfg = Debug|x86
		{B5ADA604-496F-4BCA-B615-4366B61A7B91}.Debug|x86.Build.0 = Debug|x86
		{B5ADA604-496F-4BCA-B615-4366B61A7B91}.Release|Any CPU.ActiveCfg = Release|Any CPU
		{B5ADA604-496F-4BCA-B615-4366B61A7B91}.Release|Any CPU.Build.0 = Release|Any CPU
		{B5ADA604-496F-4BCA-B615-4366B61A7B91}.Release|x64.ActiveCfg = Release|x64
		{B5ADA604-496F-4BCA-B615-4366B61A7B91}.Release|x64.Build.0 = Release|x64
		{B5ADA604-496F-4BCA-B615-4366B61A7B91}.Release|x86.ActiveCfg = Release|x86
		{B5ADA604-496F-4BCA-B615-4366B61A7B91}.Release|x86.Build.0 = Release|x86
		{4C9AF41D-8F1D-43D7-A13B-C107CA87DEE7}.Debug|Any CPU.ActiveCfg = Debug|Any CPU
		{4C9AF41D-8F1D-43D7-A13B-C107CA87DEE7}.Debug|Any CPU.Build.0 = Debug|Any CPU
		{4C9AF41D-8F1D-43D7-A13B-C107CA87DEE7}.Debug|x64.ActiveCfg = Debug|x64
		{4C9AF41D-8F1D-43D7-A13B-C107CA87DEE7}.Debug|x64.Build.0 = Debug|x64
		{4C9AF41D-8F1D-43D7-A13B-C107CA87DEE7}.Debug|x86.ActiveCfg = Debug|x86
		{4C9AF41D-8F1D-43D7-A13B-C107CA87DEE7}.Debug|x86.Build.0 = Debug|x86
		{4C9AF41D-8F1D-43D7-A13B-C107CA87DEE7}.Release|Any CPU.ActiveCfg = Release|Any CPU
		{4C9AF41D-8F1D-43D7-A13B-C107CA87DEE7}.Release|Any CPU.Build.0 = Release|Any CPU
		{4C9AF41D-8F1D-43D7-A13B-C107CA87DEE7}.Release|x64.ActiveCfg = Release|x64
		{4C9AF41D-8F1D-43D7-A13B-C107CA87DEE7}.Release|x64.Build.0 = Release|x64
		{4C9AF41D-8F1D-43D7-A13B-C107CA87DEE7}.Release|x86.ActiveCfg = Release|x86
		{4C9AF41D-8F1D-43D7-A13B-C107CA87DEE7}.Release|x86.Build.0 = Release|x86
		{ABF1A632-D0EB-423B-9F7F-29CC8495CC25}.Debug|Any CPU.ActiveCfg = Debug|Any CPU
		{ABF1A632-D0EB-423B-9F7F-29CC8495CC25}.Debug|Any CPU.Build.0 = Debug|Any CPU
		{ABF1A632-D0EB-423B-9F7F-29CC8495CC25}.Debug|x64.ActiveCfg = Debug|x64
		{ABF1A632-D0EB-423B-9F7F-29CC8495CC25}.Debug|x64.Build.0 = Debug|x64
		{ABF1A632-D0EB-423B-9F7F-29CC8495CC25}.Debug|x86.ActiveCfg = Debug|x86
		{ABF1A632-D0EB-423B-9F7F-29CC8495CC25}.Debug|x86.Build.0 = Debug|x86
		{ABF1A632-D0EB-423B-9F7F-29CC8495CC25}.Release|Any CPU.ActiveCfg = Release|Any CPU
		{ABF1A632-D0EB-423B-9F7F-29CC8495CC25}.Release|Any CPU.Build.0 = Release|Any CPU
		{ABF1A632-D0EB-423B-9F7F-29CC8495CC25}.Release|x64.ActiveCfg = Release|x64
		{ABF1A632-D0EB-423B-9F7F-29CC8495CC25}.Release|x64.Build.0 = Release|x64
		{ABF1A632-D0EB-423B-9F7F-29CC8495CC25}.Release|x86.ActiveCfg = Release|x86
		{ABF1A632-D0EB-423B-9F7F-29CC8495CC25}.Release|x86.Build.0 = Release|x86
		{926E7C9C-926F-49AB-9251-67719A4AF82C}.Debug|Any CPU.ActiveCfg = Debug|Any CPU
		{926E7C9C-926F-49AB-9251-67719A4AF82C}.Debug|Any CPU.Build.0 = Debug|Any CPU
		{926E7C9C-926F-49AB-9251-67719A4AF82C}.Debug|x64.ActiveCfg = Debug|x64
		{926E7C9C-926F-49AB-9251-67719A4AF82C}.Debug|x64.Build.0 = Debug|x64
		{926E7C9C-926F-49AB-9251-67719A4AF82C}.Debug|x86.ActiveCfg = Debug|x86
		{926E7C9C-926F-49AB-9251-67719A4AF82C}.Debug|x86.Build.0 = Debug|x86
		{926E7C9C-926F-49AB-9251-67719A4AF82C}.Release|Any CPU.ActiveCfg = Release|Any CPU
		{926E7C9C-926F-49AB-9251-67719A4AF82C}.Release|Any CPU.Build.0 = Release|Any CPU
		{926E7C9C-926F-49AB-9251-67719A4AF82C}.Release|x64.ActiveCfg = Release|x64
		{926E7C9C-926F-49AB-9251-67719A4AF82C}.Release|x64.Build.0 = Release|x64
		{926E7C9C-926F-49AB-9251-67719A4AF82C}.Release|x86.ActiveCfg = Release|x86
		{926E7C9C-926F-49AB-9251-67719A4AF82C}.Release|x86.Build.0 = Release|x86
		{370E157B-0064-466E-920C-C24F9E37AFE7}.Debug|Any CPU.ActiveCfg = Debug|Any CPU
		{370E157B-0064-466E-920C-C24F9E37AFE7}.Debug|Any CPU.Build.0 = Debug|Any CPU
		{370E157B-0064-466E-920C-C24F9E37AFE7}.Debug|x64.ActiveCfg = Debug|x64
		{370E157B-0064-466E-920C-C24F9E37AFE7}.Debug|x64.Build.0 = Debug|x64
		{370E157B-0064-466E-920C-C24F9E37AFE7}.Debug|x86.ActiveCfg = Debug|x86
		{370E157B-0064-466E-920C-C24F9E37AFE7}.Debug|x86.Build.0 = Debug|x86
		{370E157B-0064-466E-920C-C24F9E37AFE7}.Release|Any CPU.ActiveCfg = Release|Any CPU
		{370E157B-0064-466E-920C-C24F9E37AFE7}.Release|Any CPU.Build.0 = Release|Any CPU
		{370E157B-0064-466E-920C-C24F9E37AFE7}.Release|x64.ActiveCfg = Release|x64
		{370E157B-0064-466E-920C-C24F9E37AFE7}.Release|x64.Build.0 = Release|x64
		{370E157B-0064-466E-920C-C24F9E37AFE7}.Release|x86.ActiveCfg = Release|x86
		{370E157B-0064-466E-920C-C24F9E37AFE7}.Release|x86.Build.0 = Release|x86
		{88B899CC-D6A6-4D00-86D7-A6F637ACDC5A}.Debug|Any CPU.ActiveCfg = Debug|Any CPU
		{88B899CC-D6A6-4D00-86D7-A6F637ACDC5A}.Debug|Any CPU.Build.0 = Debug|Any CPU
		{88B899CC-D6A6-4D00-86D7-A6F637ACDC5A}.Debug|x64.ActiveCfg = Debug|x64
		{88B899CC-D6A6-4D00-86D7-A6F637ACDC5A}.Debug|x64.Build.0 = Debug|x64
		{88B899CC-D6A6-4D00-86D7-A6F637ACDC5A}.Debug|x86.ActiveCfg = Debug|x86
		{88B899CC-D6A6-4D00-86D7-A6F637ACDC5A}.Debug|x86.Build.0 = Debug|x86
		{88B899CC-D6A6-4D00-86D7-A6F637ACDC5A}.Release|Any CPU.ActiveCfg = Release|Any CPU
		{88B899CC-D6A6-4D00-86D7-A6F637ACDC5A}.Release|Any CPU.Build.0 = Release|Any CPU
		{88B899CC-D6A6-4D00-86D7-A6F637ACDC5A}.Release|x64.ActiveCfg = Release|x64
		{88B899CC-D6A6-4D00-86D7-A6F637ACDC5A}.Release|x64.Build.0 = Release|x64
		{88B899CC-D6A6-4D00-86D7-A6F637ACDC5A}.Release|x86.ActiveCfg = Release|x86
		{88B899CC-D6A6-4D00-86D7-A6F637ACDC5A}.Release|x86.Build.0 = Release|x86
		{2893AAFD-4B8E-4DE5-8E5B-E25CD24712CB}.Debug|Any CPU.ActiveCfg = Debug|Any CPU
		{2893AAFD-4B8E-4DE5-8E5B-E25CD24712CB}.Debug|Any CPU.Build.0 = Debug|Any CPU
		{2893AAFD-4B8E-4DE5-8E5B-E25CD24712CB}.Debug|x64.ActiveCfg = Debug|x64
		{2893AAFD-4B8E-4DE5-8E5B-E25CD24712CB}.Debug|x64.Build.0 = Debug|x64
		{2893AAFD-4B8E-4DE5-8E5B-E25CD24712CB}.Debug|x86.ActiveCfg = Debug|x86
		{2893AAFD-4B8E-4DE5-8E5B-E25CD24712CB}.Debug|x86.Build.0 = Debug|x86
		{2893AAFD-4B8E-4DE5-8E5B-E25CD24712CB}.Release|Any CPU.ActiveCfg = Release|Any CPU
		{2893AAFD-4B8E-4DE5-8E5B-E25CD24712CB}.Release|Any CPU.Build.0 = Release|Any CPU
		{2893AAFD-4B8E-4DE5-8E5B-E25CD24712CB}.Release|x64.ActiveCfg = Release|x64
		{2893AAFD-4B8E-4DE5-8E5B-E25CD24712CB}.Release|x64.Build.0 = Release|x64
		{2893AAFD-4B8E-4DE5-8E5B-E25CD24712CB}.Release|x86.ActiveCfg = Release|x86
		{2893AAFD-4B8E-4DE5-8E5B-E25CD24712CB}.Release|x86.Build.0 = Release|x86
	EndGlobalSection
	GlobalSection(NestedProjects) = preSolution
		{88B899CC-D6A6-4D00-86D7-A6F637ACDC5A} = {B0990322-7260-432E-9183-E52EA27E2280}
		{2893AAFD-4B8E-4DE5-8E5B-E25CD24712CB} = {B5BD2FCF-BBB5-4E76-8628-405D8FBED5C7}
	EndGlobalSection
EndGlobal
